// !$*UTF8*$!
{
	archiveVersion = 1;
	classes = {
	};
	objectVersion = 46;
	objects = {

/* Begin PBXBuildFile section */
		C0F7698C1F1FB611000ED3D9 /* AppDelegate.swift in Sources */ = {isa = PBXBuildFile; fileRef = C0F7698B1F1FB611000ED3D9 /* AppDelegate.swift */; };
		C0F769911F1FB611000ED3D9 /* Main.storyboard in Resources */ = {isa = PBXBuildFile; fileRef = C0F7698F1F1FB611000ED3D9 /* Main.storyboard */; };
		C0F769931F1FB611000ED3D9 /* Assets.xcassets in Resources */ = {isa = PBXBuildFile; fileRef = C0F769921F1FB611000ED3D9 /* Assets.xcassets */; };
		C0F769961F1FB611000ED3D9 /* LaunchScreen.storyboard in Resources */ = {isa = PBXBuildFile; fileRef = C0F769941F1FB611000ED3D9 /* LaunchScreen.storyboard */; };
		C0F769A21F1FB6B3000ED3D9 /* AddViewController.swift in Sources */ = {isa = PBXBuildFile; fileRef = C0F769A11F1FB6B3000ED3D9 /* AddViewController.swift */; };
		C0F769A51F1FC167000ED3D9 /* OrdersViewController.swift in Sources */ = {isa = PBXBuildFile; fileRef = C0F769A41F1FC167000ED3D9 /* OrdersViewController.swift */; };
		C0F769A71F1FC18C000ED3D9 /* OrderTableViewCell.swift in Sources */ = {isa = PBXBuildFile; fileRef = C0F769A61F1FC18C000ED3D9 /* OrderTableViewCell.swift */; };
		C0F769AA1F1FC2EE000ED3D9 /* DetailViewController.swift in Sources */ = {isa = PBXBuildFile; fileRef = C0F769A91F1FC2EE000ED3D9 /* DetailViewController.swift */; };
		C0F769AC1F1FC303000ED3D9 /* DetailTableViewCell.swift in Sources */ = {isa = PBXBuildFile; fileRef = C0F769AB1F1FC303000ED3D9 /* DetailTableViewCell.swift */; };
		C50630A33005E682C8239197 /* Pods_Inloop.framework in Frameworks */ = {isa = PBXBuildFile; fileRef = 8BC930897245AA7510A1DA89 /* Pods_Inloop.framework */; };
/* End PBXBuildFile section */

/* Begin PBXFileReference section */
		8BC930897245AA7510A1DA89 /* Pods_Inloop.framework */ = {isa = PBXFileReference; explicitFileType = wrapper.framework; includeInIndex = 0; path = Pods_Inloop.framework; sourceTree = BUILT_PRODUCTS_DIR; };
		9EF325BD36EB22BA13BDC3A9 /* Pods-Inloop.debug.xcconfig */ = {isa = PBXFileReference; includeInIndex = 1; lastKnownFileType = text.xcconfig; name = "Pods-Inloop.debug.xcconfig"; path = "Pods/Target Support Files/Pods-Inloop/Pods-Inloop.debug.xcconfig"; sourceTree = "<group>"; };
		C0F769881F1FB611000ED3D9 /* Inloop.app */ = {isa = PBXFileReference; explicitFileType = wrapper.application; includeInIndex = 0; path = Inloop.app; sourceTree = BUILT_PRODUCTS_DIR; };
		C0F7698B1F1FB611000ED3D9 /* AppDelegate.swift */ = {isa = PBXFileReference; lastKnownFileType = sourcecode.swift; path = AppDelegate.swift; sourceTree = "<group>"; };
		C0F769901F1FB611000ED3D9 /* Base */ = {isa = PBXFileReference; lastKnownFileType = file.storyboard; name = Base; path = Base.lproj/Main.storyboard; sourceTree = "<group>"; };
		C0F769921F1FB611000ED3D9 /* Assets.xcassets */ = {isa = PBXFileReference; lastKnownFileType = folder.assetcatalog; path = Assets.xcassets; sourceTree = "<group>"; };
		C0F769951F1FB611000ED3D9 /* Base */ = {isa = PBXFileReference; lastKnownFileType = file.storyboard; name = Base; path = Base.lproj/LaunchScreen.storyboard; sourceTree = "<group>"; };
		C0F769971F1FB611000ED3D9 /* Info.plist */ = {isa = PBXFileReference; lastKnownFileType = text.plist.xml; path = Info.plist; sourceTree = "<group>"; };
		C0F769A11F1FB6B3000ED3D9 /* AddViewController.swift */ = {isa = PBXFileReference; fileEncoding = 4; lastKnownFileType = sourcecode.swift; path = AddViewController.swift; sourceTree = "<group>"; };
		C0F769A41F1FC167000ED3D9 /* OrdersViewController.swift */ = {isa = PBXFileReference; fileEncoding = 4; lastKnownFileType = sourcecode.swift; path = OrdersViewController.swift; sourceTree = "<group>"; };
		C0F769A61F1FC18C000ED3D9 /* OrderTableViewCell.swift */ = {isa = PBXFileReference; fileEncoding = 4; lastKnownFileType = sourcecode.swift; path = OrderTableViewCell.swift; sourceTree = "<group>"; };
		C0F769A91F1FC2EE000ED3D9 /* DetailViewController.swift */ = {isa = PBXFileReference; fileEncoding = 4; lastKnownFileType = sourcecode.swift; path = DetailViewController.swift; sourceTree = "<group>"; };
		C0F769AB1F1FC303000ED3D9 /* DetailTableViewCell.swift */ = {isa = PBXFileReference; fileEncoding = 4; lastKnownFileType = sourcecode.swift; path = DetailTableViewCell.swift; sourceTree = "<group>"; };
		D999DDE15FC86BA1EB477DE1 /* Pods-Inloop.release.xcconfig */ = {isa = PBXFileReference; includeInIndex = 1; lastKnownFileType = text.xcconfig; name = "Pods-Inloop.release.xcconfig"; path = "Pods/Target Support Files/Pods-Inloop/Pods-Inloop.release.xcconfig"; sourceTree = "<group>"; };
/* End PBXFileReference section */

/* Begin PBXFrameworksBuildPhase section */
		C0F769851F1FB611000ED3D9 /* Frameworks */ = {
			isa = PBXFrameworksBuildPhase;
			buildActionMask = 2147483647;
			files = (
				C50630A33005E682C8239197 /* Pods_Inloop.framework in Frameworks */,
			);
			runOnlyForDeploymentPostprocessing = 0;
		};
/* End PBXFrameworksBuildPhase section */

/* Begin PBXGroup section */
		90FCB57D1E8F1D8E274FA41E /* Frameworks */ = {
			isa = PBXGroup;
			children = (
				8BC930897245AA7510A1DA89 /* Pods_Inloop.framework */,
			);
			name = Frameworks;
			sourceTree = "<group>";
		};
		BE8C09B36084B2DA9BE9B4C3 /* Pods */ = {
			isa = PBXGroup;
			children = (
				9EF325BD36EB22BA13BDC3A9 /* Pods-Inloop.debug.xcconfig */,
				D999DDE15FC86BA1EB477DE1 /* Pods-Inloop.release.xcconfig */,
			);
			name = Pods;
			sourceTree = "<group>";
		};
		C0F7697F1F1FB611000ED3D9 = {
			isa = PBXGroup;
			children = (
				C0F7698A1F1FB611000ED3D9 /* Inloop */,
				C0F769891F1FB611000ED3D9 /* Products */,
				BE8C09B36084B2DA9BE9B4C3 /* Pods */,
				90FCB57D1E8F1D8E274FA41E /* Frameworks */,
			);
			sourceTree = "<group>";
		};
		C0F769891F1FB611000ED3D9 /* Products */ = {
			isa = PBXGroup;
			children = (
				C0F769881F1FB611000ED3D9 /* Inloop.app */,
			);
			name = Products;
			sourceTree = "<group>";
		};
		C0F7698A1F1FB611000ED3D9 /* Inloop */ = {
			isa = PBXGroup;
			children = (
				C0F769A31F1FC167000ED3D9 /* Orders */,
				C0F769A81F1FC2EE000ED3D9 /* Detail */,
				C0F7698B1F1FB611000ED3D9 /* AppDelegate.swift */,
				C0F769A11F1FB6B3000ED3D9 /* AddViewController.swift */,
				C0F7698F1F1FB611000ED3D9 /* Main.storyboard */,
				C0F769921F1FB611000ED3D9 /* Assets.xcassets */,
				C0F769941F1FB611000ED3D9 /* LaunchScreen.storyboard */,
				C0F769971F1FB611000ED3D9 /* Info.plist */,
			);
			path = Inloop;
			sourceTree = "<group>";
		};
		C0F769A31F1FC167000ED3D9 /* Orders */ = {
			isa = PBXGroup;
			children = (
				C0F769A41F1FC167000ED3D9 /* OrdersViewController.swift */,
				C0F769A61F1FC18C000ED3D9 /* OrderTableViewCell.swift */,
			);
			path = Orders;
			sourceTree = "<group>";
		};
		C0F769A81F1FC2EE000ED3D9 /* Detail */ = {
			isa = PBXGroup;
			children = (
				C0F769A91F1FC2EE000ED3D9 /* DetailViewController.swift */,
				C0F769AB1F1FC303000ED3D9 /* DetailTableViewCell.swift */,
			);
			path = Detail;
			sourceTree = "<group>";
		};
/* End PBXGroup section */

/* Begin PBXNativeTarget section */
		C0F769871F1FB611000ED3D9 /* Inloop */ = {
			isa = PBXNativeTarget;
			buildConfigurationList = C0F7699A1F1FB611000ED3D9 /* Build configuration list for PBXNativeTarget "Inloop" */;
			buildPhases = (
				E88C7EABECF37AD1828BFD24 /* [CP] Check Pods Manifest.lock */,
				C0F769841F1FB611000ED3D9 /* Sources */,
				C0F769851F1FB611000ED3D9 /* Frameworks */,
				C0F769861F1FB611000ED3D9 /* Resources */,
				1D968DDBC5D949034D216F88 /* [CP] Embed Pods Frameworks */,
				2D986999BC278A9D433A4909 /* [CP] Copy Pods Resources */,
			);
			buildRules = (
			);
			dependencies = (
			);
			name = Inloop;
			productName = Inloop;
			productReference = C0F769881F1FB611000ED3D9 /* Inloop.app */;
			productType = "com.apple.product-type.application";
		};
/* End PBXNativeTarget section */

/* Begin PBXProject section */
		C0F769801F1FB611000ED3D9 /* Project object */ = {
			isa = PBXProject;
			attributes = {
				LastSwiftUpdateCheck = 0830;
				LastUpgradeCheck = 0830;
				ORGANIZATIONNAME = "Roland Beke";
				TargetAttributes = {
					C0F769871F1FB611000ED3D9 = {
						CreatedOnToolsVersion = 8.3.3;
						DevelopmentTeam = DV4J238V5A;
						ProvisioningStyle = Automatic;
					};
				};
			};
			buildConfigurationList = C0F769831F1FB611000ED3D9 /* Build configuration list for PBXProject "Inloop" */;
			compatibilityVersion = "Xcode 3.2";
			developmentRegion = English;
			hasScannedForEncodings = 0;
			knownRegions = (
				en,
				Base,
			);
			mainGroup = C0F7697F1F1FB611000ED3D9;
			productRefGroup = C0F769891F1FB611000ED3D9 /* Products */;
			projectDirPath = "";
			projectRoot = "";
			targets = (
				C0F769871F1FB611000ED3D9 /* Inloop */,
			);
		};
/* End PBXProject section */

/* Begin PBXResourcesBuildPhase section */
		C0F769861F1FB611000ED3D9 /* Resources */ = {
			isa = PBXResourcesBuildPhase;
			buildActionMask = 2147483647;
			files = (
				C0F769961F1FB611000ED3D9 /* LaunchScreen.storyboard in Resources */,
				C0F769931F1FB611000ED3D9 /* Assets.xcassets in Resources */,
				C0F769911F1FB611000ED3D9 /* Main.storyboard in Resources */,
			);
			runOnlyForDeploymentPostprocessing = 0;
		};
/* End PBXResourcesBuildPhase section */

/* Begin PBXShellScriptBuildPhase section */
		1D968DDBC5D949034D216F88 /* [CP] Embed Pods Frameworks */ = {
			isa = PBXShellScriptBuildPhase;
			buildActionMask = 2147483647;
			files = (
			);
			inputPaths = (
			);
			name = "[CP] Embed Pods Frameworks";
			outputPaths = (
			);
			runOnlyForDeploymentPostprocessing = 0;
			shellPath = /bin/sh;
			shellScript = "\"${SRCROOT}/Pods/Target Support Files/Pods-Inloop/Pods-Inloop-frameworks.sh\"\n";
			showEnvVarsInLog = 0;
		};
		2D986999BC278A9D433A4909 /* [CP] Copy Pods Resources */ = {
			isa = PBXShellScriptBuildPhase;
			buildActionMask = 2147483647;
			files = (
			);
			inputPaths = (
			);
			name = "[CP] Copy Pods Resources";
			outputPaths = (
			);
			runOnlyForDeploymentPostprocessing = 0;
			shellPath = /bin/sh;
			shellScript = "\"${SRCROOT}/Pods/Target Support Files/Pods-Inloop/Pods-Inloop-resources.sh\"\n";
			showEnvVarsInLog = 0;
		};
		E88C7EABECF37AD1828BFD24 /* [CP] Check Pods Manifest.lock */ = {
			isa = PBXShellScriptBuildPhase;
			buildActionMask = 2147483647;
			files = (
			);
			inputPaths = (
			);
			name = "[CP] Check Pods Manifest.lock";
			outputPaths = (
			);
			runOnlyForDeploymentPostprocessing = 0;
			shellPath = /bin/sh;
			shellScript = "diff \"${PODS_PODFILE_DIR_PATH}/Podfile.lock\" \"${PODS_ROOT}/Manifest.lock\" > /dev/null\nif [ $? != 0 ] ; then\n    # print error to STDERR\n    echo \"error: The sandbox is not in sync with the Podfile.lock. Run 'pod install' or update your CocoaPods installation.\" >&2\n    exit 1\nfi\n";
			showEnvVarsInLog = 0;
		};
/* End PBXShellScriptBuildPhase section */

/* Begin PBXSourcesBuildPhase section */
		C0F769841F1FB611000ED3D9 /* Sources */ = {
			isa = PBXSourcesBuildPhase;
			buildActionMask = 2147483647;
			files = (
				C0F769AC1F1FC303000ED3D9 /* DetailTableViewCell.swift in Sources */,
				C0F769A51F1FC167000ED3D9 /* OrdersViewController.swift in Sources */,
				C0F769A71F1FC18C000ED3D9 /* OrderTableViewCell.swift in Sources */,
				C0F769AA1F1FC2EE000ED3D9 /* DetailViewController.swift in Sources */,
				C0F7698C1F1FB611000ED3D9 /* AppDelegate.swift in Sources */,
				C0F769A21F1FB6B3000ED3D9 /* AddViewController.swift in Sources */,
			);
			runOnlyForDeploymentPostprocessing = 0;
		};
/* End PBXSourcesBuildPhase section */

/* Begin PBXVariantGroup section */
		C0F7698F1F1FB611000ED3D9 /* Main.storyboard */ = {
			isa = PBXVariantGroup;
			children = (
				C0F769901F1FB611000ED3D9 /* Base */,
			);
			name = Main.storyboard;
			sourceTree = "<group>";
		};
		C0F769941F1FB611000ED3D9 /* LaunchScreen.storyboard */ = {
			isa = PBXVariantGroup;
			children = (
				C0F769951F1FB611000ED3D9 /* Base */,
			);
			name = LaunchScreen.storyboard;
			sourceTree = "<group>";
		};
/* End PBXVariantGroup section */

/* Begin XCBuildConfiguration section */
		C0F769981F1FB611000ED3D9 /* Debug */ = {
			isa = XCBuildConfiguration;
			buildSettings = {
				ALWAYS_SEARCH_USER_PATHS = NO;
				CLANG_ANALYZER_NONNULL = YES;
				CLANG_ANALYZER_NUMBER_OBJECT_CONVERSION = YES_AGGRESSIVE;
				CLANG_CXX_LANGUAGE_STANDARD = "gnu++0x";
				CLANG_CXX_LIBRARY = "libc++";
				CLANG_ENABLE_MODULES = YES;
				CLANG_ENABLE_OBJC_ARC = YES;
				CLANG_WARN_BOOL_CONVERSION = YES;
				CLANG_WARN_CONSTANT_CONVERSION = YES;
				CLANG_WARN_DIRECT_OBJC_ISA_USAGE = YES_ERROR;
				CLANG_WARN_DOCUMENTATION_COMMENTS = YES;
				CLANG_WARN_EMPTY_BODY = YES;
				CLANG_WARN_ENUM_CONVERSION = YES;
				CLANG_WARN_INFINITE_RECURSION = YES;
				CLANG_WARN_INT_CONVERSION = YES;
				CLANG_WARN_OBJC_ROOT_CLASS = YES_ERROR;
				CLANG_WARN_SUSPICIOUS_MOVE = YES;
				CLANG_WARN_UNREACHABLE_CODE = YES;
				CLANG_WARN__DUPLICATE_METHOD_MATCH = YES;
				"CODE_SIGN_IDENTITY[sdk=iphoneos*]" = "iPhone Developer";
				COPY_PHASE_STRIP = NO;
				DEBUG_INFORMATION_FORMAT = dwarf;
				ENABLE_STRICT_OBJC_MSGSEND = YES;
				ENABLE_TESTABILITY = YES;
				GCC_C_LANGUAGE_STANDARD = gnu99;
				GCC_DYNAMIC_NO_PIC = NO;
				GCC_NO_COMMON_BLOCKS = YES;
				GCC_OPTIMIZATION_LEVEL = 0;
				GCC_PREPROCESSOR_DEFINITIONS = (
					"DEBUG=1",
					"$(inherited)",
				);
				GCC_WARN_64_TO_32_BIT_CONVERSION = YES;
				GCC_WARN_ABOUT_RETURN_TYPE = YES_ERROR;
				GCC_WARN_UNDECLARED_SELECTOR = YES;
				GCC_WARN_UNINITIALIZED_AUTOS = YES_AGGRESSIVE;
				GCC_WARN_UNUSED_FUNCTION = YES;
				GCC_WARN_UNUSED_VARIABLE = YES;
				IPHONEOS_DEPLOYMENT_TARGET = 10.3;
				MTL_ENABLE_DEBUG_INFO = YES;
				ONLY_ACTIVE_ARCH = YES;
				SDKROOT = iphoneos;
				SWIFT_ACTIVE_COMPILATION_CONDITIONS = DEBUG;
				SWIFT_OPTIMIZATION_LEVEL = "-Onone";
			};
			name = Debug;
		};
		C0F769991F1FB611000ED3D9 /* Release */ = {
			isa = XCBuildConfiguration;
			buildSettings = {
				ALWAYS_SEARCH_USER_PATHS = NO;
				CLANG_ANALYZER_NONNULL = YES;
				CLANG_ANALYZER_NUMBER_OBJECT_CONVERSION = YES_AGGRESSIVE;
				CLANG_CXX_LANGUAGE_STANDARD = "gnu++0x";
				CLANG_CXX_LIBRARY = "libc++";
				CLANG_ENABLE_MODULES = YES;
				CLANG_ENABLE_OBJC_ARC = YES;
				CLANG_WARN_BOOL_CONVERSION = YES;
				CLANG_WARN_CONSTANT_CONVERSION = YES;
				CLANG_WARN_DIRECT_OBJC_ISA_USAGE = YES_ERROR;
				CLANG_WARN_DOCUMENTATION_COMMENTS = YES;
				CLANG_WARN_EMPTY_BODY = YES;
				CLANG_WARN_ENUM_CONVERSION = YES;
				CLANG_WARN_INFINITE_RECURSION = YES;
				CLANG_WARN_INT_CONVERSION = YES;
				CLANG_WARN_OBJC_ROOT_CLASS = YES_ERROR;
				CLANG_WARN_SUSPICIOUS_MOVE = YES;
				CLANG_WARN_UNREACHABLE_CODE = YES;
				CLANG_WARN__DUPLICATE_METHOD_MATCH = YES;
				"CODE_SIGN_IDENTITY[sdk=iphoneos*]" = "iPhone Developer";
				COPY_PHASE_STRIP = NO;
				DEBUG_INFORMATION_FORMAT = "dwarf-with-dsym";
				ENABLE_NS_ASSERTIONS = NO;
				ENABLE_STRICT_OBJC_MSGSEND = YES;
				GCC_C_LANGUAGE_STANDARD = gnu99;
				GCC_NO_COMMON_BLOCKS = YES;
				GCC_WARN_64_TO_32_BIT_CONVERSION = YES;
				GCC_WARN_ABOUT_RETURN_TYPE = YES_ERROR;
				GCC_WARN_UNDECLARED_SELECTOR = YES;
				GCC_WARN_UNINITIALIZED_AUTOS = YES_AGGRESSIVE;
				GCC_WARN_UNUSED_FUNCTION = YES;
				GCC_WARN_UNUSED_VARIABLE = YES;
				IPHONEOS_DEPLOYMENT_TARGET = 10.3;
				MTL_ENABLE_DEBUG_INFO = NO;
				SDKROOT = iphoneos;
				SWIFT_OPTIMIZATION_LEVEL = "-Owholemodule";
				VALIDATE_PRODUCT = YES;
			};
			name = Release;
		};
		C0F7699B1F1FB611000ED3D9 /* Debug */ = {
			isa = XCBuildConfiguration;
			baseConfigurationReference = 9EF325BD36EB22BA13BDC3A9 /* Pods-Inloop.debug.xcconfig */;
			buildSettings = {
				ASSETCATALOG_COMPILER_APPICON_NAME = AppIcon;
				DEVELOPMENT_TEAM = DV4J238V5A;
				INFOPLIST_FILE = Inloop/Info.plist;
				IPHONEOS_DEPLOYMENT_TARGET = 9.3;
				LD_RUNPATH_SEARCH_PATHS = "$(inherited) @executable_path/Frameworks";
				PRODUCT_BUNDLE_IDENTIFIER = "-roland-.Inloop";
				PRODUCT_NAME = "$(TARGET_NAME)";
				SWIFT_VERSION = 3.0;
				TARGETED_DEVICE_FAMILY = "1,2";
			};
			name = Debug;
		};
		C0F7699C1F1FB611000ED3D9 /* Release */ = {
			isa = XCBuildConfiguration;
			baseConfigurationReference = D999DDE15FC86BA1EB477DE1 /* Pods-Inloop.release.xcconfig */;
			buildSettings = {
				ASSETCATALOG_COMPILER_APPICON_NAME = AppIcon;
				DEVELOPMENT_TEAM = DV4J238V5A;
				INFOPLIST_FILE = Inloop/Info.plist;
				IPHONEOS_DEPLOYMENT_TARGET = 9.3;
				LD_RUNPATH_SEARCH_PATHS = "$(inherited) @executable_path/Frameworks";
				PRODUCT_BUNDLE_IDENTIFIER = "-roland-.Inloop";
				PRODUCT_NAME = "$(TARGET_NAME)";
				SWIFT_VERSION = 3.0;
				TARGETED_DEVICE_FAMILY = "1,2";
			};
			name = Release;
		};
/* End XCBuildConfiguration section */

/* Begin XCConfigurationList section */
		C0F769831F1FB611000ED3D9 /* Build configuration list for PBXProject "Inloop" */ = {
			isa = XCConfigurationList;
			buildConfigurations = (
				C0F769981F1FB611000ED3D9 /* Debug */,
				C0F769991F1FB611000ED3D9 /* Release */,
			);
			defaultConfigurationIsVisible = 0;
			defaultConfigurationName = Release;
		};
		C0F7699A1F1FB611000ED3D9 /* Build configuration list for PBXNativeTarget "Inloop" */ = {
			isa = XCConfigurationList;
			buildConfigurations = (
				C0F7699B1F1FB611000ED3D9 /* Debug */,
				C0F7699C1F1FB611000ED3D9 /* Release */,
			);
			defaultConfigurationIsVisible = 0;
		};
/* End XCConfigurationList section */
	};
	rootObject = C0F769801F1FB611000ED3D9 /* Project object */;
}
